// !$*UTF8*$!
{
	archiveVersion = 1;
	classes = {
	};
	objectVersion = 56;
	objects = {

/* Begin PBXBuildFile section */
		412A57CA2AD27B5800A5B159 /* FirebaseAnalytics in Frameworks */ = {isa = PBXBuildFile; productRef = 412A57C92AD27B5800A5B159 /* FirebaseAnalytics */; };
		412A57CC2AD27B5800A5B159 /* FirebaseAnalyticsOnDeviceConversion in Frameworks */ = {isa = PBXBuildFile; productRef = 412A57CB2AD27B5800A5B159 /* FirebaseAnalyticsOnDeviceConversion */; };
		412A57CE2AD27B5800A5B159 /* FirebaseAnalyticsSwift in Frameworks */ = {isa = PBXBuildFile; productRef = 412A57CD2AD27B5800A5B159 /* FirebaseAnalyticsSwift */; };
		412A57D02AD27B5800A5B159 /* FirebaseAnalyticsWithoutAdIdSupport in Frameworks */ = {isa = PBXBuildFile; productRef = 412A57CF2AD27B5800A5B159 /* FirebaseAnalyticsWithoutAdIdSupport */; };
		412A57D22AD27B5800A5B159 /* FirebaseAppCheck in Frameworks */ = {isa = PBXBuildFile; productRef = 412A57D12AD27B5800A5B159 /* FirebaseAppCheck */; };
		412A57D42AD27B5800A5B159 /* FirebaseAppDistribution-Beta in Frameworks */ = {isa = PBXBuildFile; productRef = 412A57D32AD27B5800A5B159 /* FirebaseAppDistribution-Beta */; };
		412A57D62AD27B5800A5B159 /* FirebaseAuth in Frameworks */ = {isa = PBXBuildFile; productRef = 412A57D52AD27B5800A5B159 /* FirebaseAuth */; };
		412A57D82AD27B5800A5B159 /* FirebaseAuthCombine-Community in Frameworks */ = {isa = PBXBuildFile; productRef = 412A57D72AD27B5800A5B159 /* FirebaseAuthCombine-Community */; };
		412A57DA2AD27B5800A5B159 /* FirebaseCrashlytics in Frameworks */ = {isa = PBXBuildFile; productRef = 412A57D92AD27B5800A5B159 /* FirebaseCrashlytics */; };
		412A57DC2AD27B5800A5B159 /* FirebaseDatabase in Frameworks */ = {isa = PBXBuildFile; productRef = 412A57DB2AD27B5800A5B159 /* FirebaseDatabase */; };
		412A57DE2AD27B5800A5B159 /* FirebaseDatabaseSwift in Frameworks */ = {isa = PBXBuildFile; productRef = 412A57DD2AD27B5800A5B159 /* FirebaseDatabaseSwift */; };
		412A57E02AD27B5800A5B159 /* FirebaseDynamicLinks in Frameworks */ = {isa = PBXBuildFile; productRef = 412A57DF2AD27B5800A5B159 /* FirebaseDynamicLinks */; };
		412A57E22AD27B5800A5B159 /* FirebaseFirestore in Frameworks */ = {isa = PBXBuildFile; productRef = 412A57E12AD27B5800A5B159 /* FirebaseFirestore */; };
		412A57E42AD27B5800A5B159 /* FirebaseFirestoreCombine-Community in Frameworks */ = {isa = PBXBuildFile; productRef = 412A57E32AD27B5800A5B159 /* FirebaseFirestoreCombine-Community */; };
		412A57E62AD27B5800A5B159 /* FirebaseFirestoreSwift in Frameworks */ = {isa = PBXBuildFile; productRef = 412A57E52AD27B5800A5B159 /* FirebaseFirestoreSwift */; };
		412A57E82AD27B5800A5B159 /* FirebaseFunctions in Frameworks */ = {isa = PBXBuildFile; productRef = 412A57E72AD27B5800A5B159 /* FirebaseFunctions */; };
		412A57EA2AD27B5800A5B159 /* FirebaseFunctionsCombine-Community in Frameworks */ = {isa = PBXBuildFile; productRef = 412A57E92AD27B5800A5B159 /* FirebaseFunctionsCombine-Community */; };
		412A57EC2AD27B5800A5B159 /* FirebaseInAppMessaging-Beta in Frameworks */ = {isa = PBXBuildFile; productRef = 412A57EB2AD27B5800A5B159 /* FirebaseInAppMessaging-Beta */; };
		412A57EE2AD27B5800A5B159 /* FirebaseInAppMessagingSwift-Beta in Frameworks */ = {isa = PBXBuildFile; productRef = 412A57ED2AD27B5800A5B159 /* FirebaseInAppMessagingSwift-Beta */; };
		412A57F02AD27B5800A5B159 /* FirebaseInstallations in Frameworks */ = {isa = PBXBuildFile; productRef = 412A57EF2AD27B5800A5B159 /* FirebaseInstallations */; };
		412A57F22AD27B5800A5B159 /* FirebaseMLModelDownloader in Frameworks */ = {isa = PBXBuildFile; productRef = 412A57F12AD27B5800A5B159 /* FirebaseMLModelDownloader */; };
		412A57F42AD27B5800A5B159 /* FirebaseMessaging in Frameworks */ = {isa = PBXBuildFile; productRef = 412A57F32AD27B5800A5B159 /* FirebaseMessaging */; };
		412A57F62AD27B5800A5B159 /* FirebasePerformance in Frameworks */ = {isa = PBXBuildFile; productRef = 412A57F52AD27B5800A5B159 /* FirebasePerformance */; };
		412A57F82AD27B5800A5B159 /* FirebaseRemoteConfig in Frameworks */ = {isa = PBXBuildFile; productRef = 412A57F72AD27B5800A5B159 /* FirebaseRemoteConfig */; };
		412A57FA2AD27B5800A5B159 /* FirebaseRemoteConfigSwift in Frameworks */ = {isa = PBXBuildFile; productRef = 412A57F92AD27B5800A5B159 /* FirebaseRemoteConfigSwift */; };
		412A57FC2AD27B5800A5B159 /* FirebaseStorage in Frameworks */ = {isa = PBXBuildFile; productRef = 412A57FB2AD27B5800A5B159 /* FirebaseStorage */; };
		412A57FE2AD27B5800A5B159 /* FirebaseStorageCombine-Community in Frameworks */ = {isa = PBXBuildFile; productRef = 412A57FD2AD27B5800A5B159 /* FirebaseStorageCombine-Community */; };
		41333A1A2AD263720033CA1A /* landing.swift in Sources */ = {isa = PBXBuildFile; fileRef = 41333A192AD263720033CA1A /* landing.swift */; };
		41333A1C2AD273640033CA1A /* GoogleService-Info.plist in Resources */ = {isa = PBXBuildFile; fileRef = 41333A1B2AD273640033CA1A /* GoogleService-Info.plist */; };
		413F3BAE2BA2BC78009C3F4A /* breathmed.mp3 in Resources */ = {isa = PBXBuildFile; fileRef = 413F3BAC2BA2BC78009C3F4A /* breathmed.mp3 */; };
		414E38CB2ADDB086009ADA20 /* journal.swift in Sources */ = {isa = PBXBuildFile; fileRef = 414E38CA2ADDB086009ADA20 /* journal.swift */; };
		415A60102B3817B200BA6ED7 /* breathawareness.swift in Sources */ = {isa = PBXBuildFile; fileRef = 415A600F2B3817B200BA6ED7 /* breathawareness.swift */; };
		415A60122B38193B00BA6ED7 /* movement.swift in Sources */ = {isa = PBXBuildFile; fileRef = 415A60112B38193B00BA6ED7 /* movement.swift */; };
		415A60142B38194C00BA6ED7 /* mindfulness.swift in Sources */ = {isa = PBXBuildFile; fileRef = 415A60132B38194C00BA6ED7 /* mindfulness.swift */; };
		415A60162B38195500BA6ED7 /* loving.swift in Sources */ = {isa = PBXBuildFile; fileRef = 415A60152B38195500BA6ED7 /* loving.swift */; };
		41B132D22AC154E70056BA15 /* CalendarView.swift in Sources */ = {isa = PBXBuildFile; fileRef = 41B132D12AC154E70056BA15 /* CalendarView.swift */; };
		41B132D42AC156100056BA15 /* homepage.swift in Sources */ = {isa = PBXBuildFile; fileRef = 41B132D32AC156100056BA15 /* homepage.swift */; };
		41B132D82AC156480056BA15 /* relaxpage.swift in Sources */ = {isa = PBXBuildFile; fileRef = 41B132D72AC156480056BA15 /* relaxpage.swift */; };
		41CE68782AAD1E9E009216BA /* CalmCampusApp.swift in Sources */ = {isa = PBXBuildFile; fileRef = 41CE68772AAD1E9E009216BA /* CalmCampusApp.swift */; };
		41CE687A2AAD1E9E009216BA /* ContentView.swift in Sources */ = {isa = PBXBuildFile; fileRef = 41CE68792AAD1E9E009216BA /* ContentView.swift */; };
		41CE687C2AAD1E9F009216BA /* Assets.xcassets in Resources */ = {isa = PBXBuildFile; fileRef = 41CE687B2AAD1E9F009216BA /* Assets.xcassets */; };
		41CE687F2AAD1E9F009216BA /* Preview Assets.xcassets in Resources */ = {isa = PBXBuildFile; fileRef = 41CE687E2AAD1E9F009216BA /* Preview Assets.xcassets */; };
		41CE688D2AAD26AA009216BA /* TabBar.swift in Sources */ = {isa = PBXBuildFile; fileRef = 41CE688C2AAD26AA009216BA /* TabBar.swift */; };
		41D7C2692BA3D9C700B01F94 /* movementmed.mp3 in Resources */ = {isa = PBXBuildFile; fileRef = 41D7C2682BA3D9C700B01F94 /* movementmed.mp3 */; };
		41D7C26B2BA3FC7800B01F94 /* mindfulnessmed.mp3 in Resources */ = {isa = PBXBuildFile; fileRef = 41D7C26A2BA3FC7800B01F94 /* mindfulnessmed.mp3 */; };
		41D7C26D2BA4032800B01F94 /* lovingmed.mp3 in Resources */ = {isa = PBXBuildFile; fileRef = 41D7C26C2BA4032800B01F94 /* lovingmed.mp3 */; };
		41D7C26F2BA40E7A00B01F94 /* sensory.swift in Sources */ = {isa = PBXBuildFile; fileRef = 41D7C26E2BA40E7A00B01F94 /* sensory.swift */; };
		41D7C2712BA40EF400B01F94 /* nature.swift in Sources */ = {isa = PBXBuildFile; fileRef = 41D7C2702BA40EF400B01F94 /* nature.swift */; };
		41D7C2732BA40F0500B01F94 /* mentalimagery.swift in Sources */ = {isa = PBXBuildFile; fileRef = 41D7C2722BA40F0500B01F94 /* mentalimagery.swift */; };
		41D7C2752BA40F1000B01F94 /* artistic.swift in Sources */ = {isa = PBXBuildFile; fileRef = 41D7C2742BA40F1000B01F94 /* artistic.swift */; };
/* End PBXBuildFile section */

/* Begin PBXFileReference section */
		41333A192AD263720033CA1A /* landing.swift */ = {isa = PBXFileReference; lastKnownFileType = sourcecode.swift; path = landing.swift; sourceTree = "<group>"; };
		41333A1B2AD273640033CA1A /* GoogleService-Info.plist */ = {isa = PBXFileReference; fileEncoding = 4; lastKnownFileType = text.plist.xml; path = "GoogleService-Info.plist"; sourceTree = "<group>"; };
		413F3BAC2BA2BC78009C3F4A /* breathmed.mp3 */ = {isa = PBXFileReference; lastKnownFileType = audio.mp3; path = breathmed.mp3; sourceTree = "<group>"; };
		414E38CA2ADDB086009ADA20 /* journal.swift */ = {isa = PBXFileReference; lastKnownFileType = sourcecode.swift; path = journal.swift; sourceTree = "<group>"; };
		415A600F2B3817B200BA6ED7 /* breathawareness.swift */ = {isa = PBXFileReference; lastKnownFileType = sourcecode.swift; path = breathawareness.swift; sourceTree = "<group>"; };
		415A60112B38193B00BA6ED7 /* movement.swift */ = {isa = PBXFileReference; lastKnownFileType = sourcecode.swift; path = movement.swift; sourceTree = "<group>"; };
		415A60132B38194C00BA6ED7 /* mindfulness.swift */ = {isa = PBXFileReference; lastKnownFileType = sourcecode.swift; path = mindfulness.swift; sourceTree = "<group>"; };
		415A60152B38195500BA6ED7 /* loving.swift */ = {isa = PBXFileReference; lastKnownFileType = sourcecode.swift; path = loving.swift; sourceTree = "<group>"; };
		41B132D12AC154E70056BA15 /* CalendarView.swift */ = {isa = PBXFileReference; lastKnownFileType = sourcecode.swift; path = CalendarView.swift; sourceTree = "<group>"; };
		41B132D32AC156100056BA15 /* homepage.swift */ = {isa = PBXFileReference; lastKnownFileType = sourcecode.swift; path = homepage.swift; sourceTree = "<group>"; };
		41B132D72AC156480056BA15 /* relaxpage.swift */ = {isa = PBXFileReference; lastKnownFileType = sourcecode.swift; path = relaxpage.swift; sourceTree = "<group>"; };
		41CE68742AAD1E9E009216BA /* CalmCampus.app */ = {isa = PBXFileReference; explicitFileType = wrapper.application; includeInIndex = 0; path = CalmCampus.app; sourceTree = BUILT_PRODUCTS_DIR; };
		41CE68772AAD1E9E009216BA /* CalmCampusApp.swift */ = {isa = PBXFileReference; lastKnownFileType = sourcecode.swift; path = CalmCampusApp.swift; sourceTree = "<group>"; };
		41CE68792AAD1E9E009216BA /* ContentView.swift */ = {isa = PBXFileReference; lastKnownFileType = sourcecode.swift; path = ContentView.swift; sourceTree = "<group>"; };
		41CE687B2AAD1E9F009216BA /* Assets.xcassets */ = {isa = PBXFileReference; lastKnownFileType = folder.assetcatalog; path = Assets.xcassets; sourceTree = "<group>"; };
		41CE687E2AAD1E9F009216BA /* Preview Assets.xcassets */ = {isa = PBXFileReference; lastKnownFileType = folder.assetcatalog; path = "Preview Assets.xcassets"; sourceTree = "<group>"; };
		41CE688C2AAD26AA009216BA /* TabBar.swift */ = {isa = PBXFileReference; lastKnownFileType = sourcecode.swift; path = TabBar.swift; sourceTree = "<group>"; };
		41D7C2682BA3D9C700B01F94 /* movementmed.mp3 */ = {isa = PBXFileReference; lastKnownFileType = audio.mp3; path = movementmed.mp3; sourceTree = "<group>"; };
		41D7C26A2BA3FC7800B01F94 /* mindfulnessmed.mp3 */ = {isa = PBXFileReference; lastKnownFileType = audio.mp3; path = mindfulnessmed.mp3; sourceTree = "<group>"; };
		41D7C26C2BA4032800B01F94 /* lovingmed.mp3 */ = {isa = PBXFileReference; lastKnownFileType = audio.mp3; path = lovingmed.mp3; sourceTree = "<group>"; };
		41D7C26E2BA40E7A00B01F94 /* sensory.swift */ = {isa = PBXFileReference; lastKnownFileType = sourcecode.swift; path = sensory.swift; sourceTree = "<group>"; };
		41D7C2702BA40EF400B01F94 /* nature.swift */ = {isa = PBXFileReference; lastKnownFileType = sourcecode.swift; path = nature.swift; sourceTree = "<group>"; };
		41D7C2722BA40F0500B01F94 /* mentalimagery.swift */ = {isa = PBXFileReference; lastKnownFileType = sourcecode.swift; path = mentalimagery.swift; sourceTree = "<group>"; };
		41D7C2742BA40F1000B01F94 /* artistic.swift */ = {isa = PBXFileReference; lastKnownFileType = sourcecode.swift; path = artistic.swift; sourceTree = "<group>"; };
/* End PBXFileReference section */

/* Begin PBXFrameworksBuildPhase section */
		41CE68712AAD1E9E009216BA /* Frameworks */ = {
			isa = PBXFrameworksBuildPhase;
			buildActionMask = 2147483647;
			files = (
				412A57DC2AD27B5800A5B159 /* FirebaseDatabase in Frameworks */,
				412A57EA2AD27B5800A5B159 /* FirebaseFunctionsCombine-Community in Frameworks */,
				412A57E22AD27B5800A5B159 /* FirebaseFirestore in Frameworks */,
				412A57CE2AD27B5800A5B159 /* FirebaseAnalyticsSwift in Frameworks */,
				412A57CA2AD27B5800A5B159 /* FirebaseAnalytics in Frameworks */,
				412A57CC2AD27B5800A5B159 /* FirebaseAnalyticsOnDeviceConversion in Frameworks */,
				412A57F22AD27B5800A5B159 /* FirebaseMLModelDownloader in Frameworks */,
				412A57E62AD27B5800A5B159 /* FirebaseFirestoreSwift in Frameworks */,
				412A57D22AD27B5800A5B159 /* FirebaseAppCheck in Frameworks */,
				412A57D02AD27B5800A5B159 /* FirebaseAnalyticsWithoutAdIdSupport in Frameworks */,
				412A57D62AD27B5800A5B159 /* FirebaseAuth in Frameworks */,
				412A57DA2AD27B5800A5B159 /* FirebaseCrashlytics in Frameworks */,
				412A57FA2AD27B5800A5B159 /* FirebaseRemoteConfigSwift in Frameworks */,
				412A57EC2AD27B5800A5B159 /* FirebaseInAppMessaging-Beta in Frameworks */,
				412A57DE2AD27B5800A5B159 /* FirebaseDatabaseSwift in Frameworks */,
				412A57E82AD27B5800A5B159 /* FirebaseFunctions in Frameworks */,
				412A57FE2AD27B5800A5B159 /* FirebaseStorageCombine-Community in Frameworks */,
				412A57F82AD27B5800A5B159 /* FirebaseRemoteConfig in Frameworks */,
				412A57D42AD27B5800A5B159 /* FirebaseAppDistribution-Beta in Frameworks */,
				412A57D82AD27B5800A5B159 /* FirebaseAuthCombine-Community in Frameworks */,
				412A57F62AD27B5800A5B159 /* FirebasePerformance in Frameworks */,
				412A57EE2AD27B5800A5B159 /* FirebaseInAppMessagingSwift-Beta in Frameworks */,
				412A57FC2AD27B5800A5B159 /* FirebaseStorage in Frameworks */,
				412A57E02AD27B5800A5B159 /* FirebaseDynamicLinks in Frameworks */,
				412A57E42AD27B5800A5B159 /* FirebaseFirestoreCombine-Community in Frameworks */,
				412A57F42AD27B5800A5B159 /* FirebaseMessaging in Frameworks */,
				412A57F02AD27B5800A5B159 /* FirebaseInstallations in Frameworks */,
			);
			runOnlyForDeploymentPostprocessing = 0;
		};
/* End PBXFrameworksBuildPhase section */

/* Begin PBXGroup section */
		413F3BAD2BA2BC78009C3F4A /* Sounds */ = {
			isa = PBXGroup;
			children = (
				41D7C26A2BA3FC7800B01F94 /* mindfulnessmed.mp3 */,
				41D7C26C2BA4032800B01F94 /* lovingmed.mp3 */,
				413F3BAC2BA2BC78009C3F4A /* breathmed.mp3 */,
				41D7C2682BA3D9C700B01F94 /* movementmed.mp3 */,
			);
			path = Sounds;
			sourceTree = "<group>";
		};
		415A600E2B38178F00BA6ED7 /* relax views */ = {
			isa = PBXGroup;
			children = (
				41D7C26E2BA40E7A00B01F94 /* sensory.swift */,
				41D7C2702BA40EF400B01F94 /* nature.swift */,
				41D7C2742BA40F1000B01F94 /* artistic.swift */,
				41D7C2722BA40F0500B01F94 /* mentalimagery.swift */,
				415A600F2B3817B200BA6ED7 /* breathawareness.swift */,
				415A60112B38193B00BA6ED7 /* movement.swift */,
				415A60132B38194C00BA6ED7 /* mindfulness.swift */,
				415A60152B38195500BA6ED7 /* loving.swift */,
			);
			path = "relax views";
			sourceTree = "<group>";
		};
		41CE686B2AAD1E9E009216BA = {
			isa = PBXGroup;
			children = (
				41CE68762AAD1E9E009216BA /* CalmCampus */,
				41CE68752AAD1E9E009216BA /* Products */,
			);
			sourceTree = "<group>";
		};
		41CE68752AAD1E9E009216BA /* Products */ = {
			isa = PBXGroup;
			children = (
				41CE68742AAD1E9E009216BA /* CalmCampus.app */,
			);
			name = Products;
			sourceTree = "<group>";
		};
		41CE68762AAD1E9E009216BA /* CalmCampus */ = {
			isa = PBXGroup;
			children = (
				41CE68772AAD1E9E009216BA /* CalmCampusApp.swift */,
				41333A192AD263720033CA1A /* landing.swift */,
				41CE68792AAD1E9E009216BA /* ContentView.swift */,
				41B132D12AC154E70056BA15 /* CalendarView.swift */,
				414E38CA2ADDB086009ADA20 /* journal.swift */,
				41B132D32AC156100056BA15 /* homepage.swift */,
				41B132D72AC156480056BA15 /* relaxpage.swift */,
				41CE688C2AAD26AA009216BA /* TabBar.swift */,
				415A600E2B38178F00BA6ED7 /* relax views */,
				413F3BAD2BA2BC78009C3F4A /* Sounds */,
				41CE687D2AAD1E9F009216BA /* Preview Content */,
				41333A1B2AD273640033CA1A /* GoogleService-Info.plist */,
				41CE687B2AAD1E9F009216BA /* Assets.xcassets */,
			);
			path = CalmCampus;
			sourceTree = "<group>";
		};
		41CE687D2AAD1E9F009216BA /* Preview Content */ = {
			isa = PBXGroup;
			children = (
				41CE687E2AAD1E9F009216BA /* Preview Assets.xcassets */,
			);
			path = "Preview Content";
			sourceTree = "<group>";
		};
/* End PBXGroup section */

/* Begin PBXNativeTarget section */
		41CE68732AAD1E9E009216BA /* CalmCampus */ = {
			isa = PBXNativeTarget;
			buildConfigurationList = 41CE68822AAD1E9F009216BA /* Build configuration list for PBXNativeTarget "CalmCampus" */;
			buildPhases = (
				41CE68702AAD1E9E009216BA /* Sources */,
				41CE68712AAD1E9E009216BA /* Frameworks */,
				41CE68722AAD1E9E009216BA /* Resources */,
			);
			buildRules = (
			);
			dependencies = (
			);
			name = CalmCampus;
			packageProductDependencies = (
				412A57C92AD27B5800A5B159 /* FirebaseAnalytics */,
				412A57CB2AD27B5800A5B159 /* FirebaseAnalyticsOnDeviceConversion */,
				412A57CD2AD27B5800A5B159 /* FirebaseAnalyticsSwift */,
				412A57CF2AD27B5800A5B159 /* FirebaseAnalyticsWithoutAdIdSupport */,
				412A57D12AD27B5800A5B159 /* FirebaseAppCheck */,
				412A57D32AD27B5800A5B159 /* FirebaseAppDistribution-Beta */,
				412A57D52AD27B5800A5B159 /* FirebaseAuth */,
				412A57D72AD27B5800A5B159 /* FirebaseAuthCombine-Community */,
				412A57D92AD27B5800A5B159 /* FirebaseCrashlytics */,
				412A57DB2AD27B5800A5B159 /* FirebaseDatabase */,
				412A57DD2AD27B5800A5B159 /* FirebaseDatabaseSwift */,
				412A57DF2AD27B5800A5B159 /* FirebaseDynamicLinks */,
				412A57E12AD27B5800A5B159 /* FirebaseFirestore */,
				412A57E32AD27B5800A5B159 /* FirebaseFirestoreCombine-Community */,
				412A57E52AD27B5800A5B159 /* FirebaseFirestoreSwift */,
				412A57E72AD27B5800A5B159 /* FirebaseFunctions */,
				412A57E92AD27B5800A5B159 /* FirebaseFunctionsCombine-Community */,
				412A57EB2AD27B5800A5B159 /* FirebaseInAppMessaging-Beta */,
				412A57ED2AD27B5800A5B159 /* FirebaseInAppMessagingSwift-Beta */,
				412A57EF2AD27B5800A5B159 /* FirebaseInstallations */,
				412A57F12AD27B5800A5B159 /* FirebaseMLModelDownloader */,
				412A57F32AD27B5800A5B159 /* FirebaseMessaging */,
				412A57F52AD27B5800A5B159 /* FirebasePerformance */,
				412A57F72AD27B5800A5B159 /* FirebaseRemoteConfig */,
				412A57F92AD27B5800A5B159 /* FirebaseRemoteConfigSwift */,
				412A57FB2AD27B5800A5B159 /* FirebaseStorage */,
				412A57FD2AD27B5800A5B159 /* FirebaseStorageCombine-Community */,
			);
			productName = CalmCampus;
			productReference = 41CE68742AAD1E9E009216BA /* CalmCampus.app */;
			productType = "com.apple.product-type.application";
		};
/* End PBXNativeTarget section */

/* Begin PBXProject section */
		41CE686C2AAD1E9E009216BA /* Project object */ = {
			isa = PBXProject;
			attributes = {
				BuildIndependentTargetsInParallel = 1;
				LastSwiftUpdateCheck = 1430;
				LastUpgradeCheck = 1500;
				TargetAttributes = {
					41CE68732AAD1E9E009216BA = {
						CreatedOnToolsVersion = 14.3.1;
					};
				};
			};
			buildConfigurationList = 41CE686F2AAD1E9E009216BA /* Build configuration list for PBXProject "CalmCampus" */;
			compatibilityVersion = "Xcode 14.0";
			developmentRegion = en;
			hasScannedForEncodings = 0;
			knownRegions = (
				en,
				Base,
			);
			mainGroup = 41CE686B2AAD1E9E009216BA;
			packageReferences = (
				412A57C82AD27B5800A5B159 /* XCRemoteSwiftPackageReference "firebase-ios-sdk" */,
			);
			productRefGroup = 41CE68752AAD1E9E009216BA /* Products */;
			projectDirPath = "";
			projectRoot = "";
			targets = (
				41CE68732AAD1E9E009216BA /* CalmCampus */,
			);
		};
/* End PBXProject section */

/* Begin PBXResourcesBuildPhase section */
		41CE68722AAD1E9E009216BA /* Resources */ = {
			isa = PBXResourcesBuildPhase;
			buildActionMask = 2147483647;
			files = (
				41D7C26D2BA4032800B01F94 /* lovingmed.mp3 in Resources */,
				41D7C2692BA3D9C700B01F94 /* movementmed.mp3 in Resources */,
				41CE687F2AAD1E9F009216BA /* Preview Assets.xcassets in Resources */,
				41CE687C2AAD1E9F009216BA /* Assets.xcassets in Resources */,
				41333A1C2AD273640033CA1A /* GoogleService-Info.plist in Resources */,
				41D7C26B2BA3FC7800B01F94 /* mindfulnessmed.mp3 in Resources */,
				413F3BAE2BA2BC78009C3F4A /* breathmed.mp3 in Resources */,
			);
			runOnlyForDeploymentPostprocessing = 0;
		};
/* End PBXResourcesBuildPhase section */

/* Begin PBXSourcesBuildPhase section */
		41CE68702AAD1E9E009216BA /* Sources */ = {
			isa = PBXSourcesBuildPhase;
			buildActionMask = 2147483647;
			files = (
				415A60102B3817B200BA6ED7 /* breathawareness.swift in Sources */,
				41CE687A2AAD1E9E009216BA /* ContentView.swift in Sources */,
				415A60162B38195500BA6ED7 /* loving.swift in Sources */,
				41D7C2732BA40F0500B01F94 /* mentalimagery.swift in Sources */,
				41CE688D2AAD26AA009216BA /* TabBar.swift in Sources */,
				41D7C2712BA40EF400B01F94 /* nature.swift in Sources */,
				41B132D22AC154E70056BA15 /* CalendarView.swift in Sources */,
				414E38CB2ADDB086009ADA20 /* journal.swift in Sources */,
				41D7C26F2BA40E7A00B01F94 /* sensory.swift in Sources */,
				415A60142B38194C00BA6ED7 /* mindfulness.swift in Sources */,
				41B132D42AC156100056BA15 /* homepage.swift in Sources */,
				41CE68782AAD1E9E009216BA /* CalmCampusApp.swift in Sources */,
				41D7C2752BA40F1000B01F94 /* artistic.swift in Sources */,
				41333A1A2AD263720033CA1A /* landing.swift in Sources */,
				415A60122B38193B00BA6ED7 /* movement.swift in Sources */,
				41B132D82AC156480056BA15 /* relaxpage.swift in Sources */,
			);
			runOnlyForDeploymentPostprocessing = 0;
		};
/* End PBXSourcesBuildPhase section */

/* Begin XCBuildConfiguration section */
		41CE68802AAD1E9F009216BA /* Debug */ = {
			isa = XCBuildConfiguration;
			buildSettings = {
				ALWAYS_SEARCH_USER_PATHS = NO;
				CLANG_ANALYZER_NONNULL = YES;
				CLANG_ANALYZER_NUMBER_OBJECT_CONVERSION = YES_AGGRESSIVE;
				CLANG_CXX_LANGUAGE_STANDARD = "gnu++20";
				CLANG_ENABLE_MODULES = YES;
				CLANG_ENABLE_OBJC_ARC = YES;
				CLANG_ENABLE_OBJC_WEAK = YES;
				CLANG_WARN_BLOCK_CAPTURE_AUTORELEASING = YES;
				CLANG_WARN_BOOL_CONVERSION = YES;
				CLANG_WARN_COMMA = YES;
				CLANG_WARN_CONSTANT_CONVERSION = YES;
				CLANG_WARN_DEPRECATED_OBJC_IMPLEMENTATIONS = YES;
				CLANG_WARN_DIRECT_OBJC_ISA_USAGE = YES_ERROR;
				CLANG_WARN_DOCUMENTATION_COMMENTS = YES;
				CLANG_WARN_EMPTY_BODY = YES;
				CLANG_WARN_ENUM_CONVERSION = YES;
				CLANG_WARN_INFINITE_RECURSION = YES;
				CLANG_WARN_INT_CONVERSION = YES;
				CLANG_WARN_NON_LITERAL_NULL_CONVERSION = YES;
				CLANG_WARN_OBJC_IMPLICIT_RETAIN_SELF = YES;
				CLANG_WARN_OBJC_LITERAL_CONVERSION = YES;
				CLANG_WARN_OBJC_ROOT_CLASS = YES_ERROR;
				CLANG_WARN_QUOTED_INCLUDE_IN_FRAMEWORK_HEADER = YES;
				CLANG_WARN_RANGE_LOOP_ANALYSIS = YES;
				CLANG_WARN_STRICT_PROTOTYPES = YES;
				CLANG_WARN_SUSPICIOUS_MOVE = YES;
				CLANG_WARN_UNGUARDED_AVAILABILITY = YES_AGGRESSIVE;
				CLANG_WARN_UNREACHABLE_CODE = YES;
				CLANG_WARN__DUPLICATE_METHOD_MATCH = YES;
				COPY_PHASE_STRIP = NO;
				DEBUG_INFORMATION_FORMAT = dwarf;
				ENABLE_STRICT_OBJC_MSGSEND = YES;
				ENABLE_TESTABILITY = YES;
				ENABLE_USER_SCRIPT_SANDBOXING = YES;
				GCC_C_LANGUAGE_STANDARD = gnu11;
				GCC_DYNAMIC_NO_PIC = NO;
				GCC_NO_COMMON_BLOCKS = YES;
				GCC_OPTIMIZATION_LEVEL = 0;
				GCC_PREPROCESSOR_DEFINITIONS = (
					"DEBUG=1",
					"$(inherited)",
				);
				GCC_WARN_64_TO_32_BIT_CONVERSION = YES;
				GCC_WARN_ABOUT_RETURN_TYPE = YES_ERROR;
				GCC_WARN_UNDECLARED_SELECTOR = YES;
				GCC_WARN_UNINITIALIZED_AUTOS = YES_AGGRESSIVE;
				GCC_WARN_UNUSED_FUNCTION = YES;
				GCC_WARN_UNUSED_VARIABLE = YES;
				IPHONEOS_DEPLOYMENT_TARGET = 16.4;
				MTL_ENABLE_DEBUG_INFO = INCLUDE_SOURCE;
				MTL_FAST_MATH = YES;
				ONLY_ACTIVE_ARCH = YES;
				SDKROOT = iphoneos;
				SWIFT_ACTIVE_COMPILATION_CONDITIONS = DEBUG;
				SWIFT_OPTIMIZATION_LEVEL = "-Onone";
			};
			name = Debug;
		};
		41CE68812AAD1E9F009216BA /* Release */ = {
			isa = XCBuildConfiguration;
			buildSettings = {
				ALWAYS_SEARCH_USER_PATHS = NO;
				CLANG_ANALYZER_NONNULL = YES;
				CLANG_ANALYZER_NUMBER_OBJECT_CONVERSION = YES_AGGRESSIVE;
				CLANG_CXX_LANGUAGE_STANDARD = "gnu++20";
				CLANG_ENABLE_MODULES = YES;
				CLANG_ENABLE_OBJC_ARC = YES;
				CLANG_ENABLE_OBJC_WEAK = YES;
				CLANG_WARN_BLOCK_CAPTURE_AUTORELEASING = YES;
				CLANG_WARN_BOOL_CONVERSION = YES;
				CLANG_WARN_COMMA = YES;
				CLANG_WARN_CONSTANT_CONVERSION = YES;
				CLANG_WARN_DEPRECATED_OBJC_IMPLEMENTATIONS = YES;
				CLANG_WARN_DIRECT_OBJC_ISA_USAGE = YES_ERROR;
				CLANG_WARN_DOCUMENTATION_COMMENTS = YES;
				CLANG_WARN_EMPTY_BODY = YES;
				CLANG_WARN_ENUM_CONVERSION = YES;
				CLANG_WARN_INFINITE_RECURSION = YES;
				CLANG_WARN_INT_CONVERSION = YES;
				CLANG_WARN_NON_LITERAL_NULL_CONVERSION = YES;
				CLANG_WARN_OBJC_IMPLICIT_RETAIN_SELF = YES;
				CLANG_WARN_OBJC_LITERAL_CONVERSION = YES;
				CLANG_WARN_OBJC_ROOT_CLASS = YES_ERROR;
				CLANG_WARN_QUOTED_INCLUDE_IN_FRAMEWORK_HEADER = YES;
				CLANG_WARN_RANGE_LOOP_ANALYSIS = YES;
				CLANG_WARN_STRICT_PROTOTYPES = YES;
				CLANG_WARN_SUSPICIOUS_MOVE = YES;
				CLANG_WARN_UNGUARDED_AVAILABILITY = YES_AGGRESSIVE;
				CLANG_WARN_UNREACHABLE_CODE = YES;
				CLANG_WARN__DUPLICATE_METHOD_MATCH = YES;
				COPY_PHASE_STRIP = NO;
				DEBUG_INFORMATION_FORMAT = "dwarf-with-dsym";
				ENABLE_NS_ASSERTIONS = NO;
				ENABLE_STRICT_OBJC_MSGSEND = YES;
				ENABLE_USER_SCRIPT_SANDBOXING = YES;
				GCC_C_LANGUAGE_STANDARD = gnu11;
				GCC_NO_COMMON_BLOCKS = YES;
				GCC_WARN_64_TO_32_BIT_CONVERSION = YES;
				GCC_WARN_ABOUT_RETURN_TYPE = YES_ERROR;
				GCC_WARN_UNDECLARED_SELECTOR = YES;
				GCC_WARN_UNINITIALIZED_AUTOS = YES_AGGRESSIVE;
				GCC_WARN_UNUSED_FUNCTION = YES;
				GCC_WARN_UNUSED_VARIABLE = YES;
				IPHONEOS_DEPLOYMENT_TARGET = 16.4;
				MTL_ENABLE_DEBUG_INFO = NO;
				MTL_FAST_MATH = YES;
				SDKROOT = iphoneos;
				SWIFT_COMPILATION_MODE = wholemodule;
				SWIFT_OPTIMIZATION_LEVEL = "-O";
				VALIDATE_PRODUCT = YES;
			};
			name = Release;
		};
		41CE68832AAD1E9F009216BA /* Debug */ = {
			isa = XCBuildConfiguration;
			buildSettings = {
				ASSETCATALOG_COMPILER_APPICON_NAME = AppIcon;
				ASSETCATALOG_COMPILER_GLOBAL_ACCENT_COLOR_NAME = AccentColor;
				CODE_SIGN_STYLE = Automatic;
				CURRENT_PROJECT_VERSION = 1;
				DEVELOPMENT_ASSET_PATHS = "\"CalmCampus/Preview Content\"";
				ENABLE_PREVIEWS = YES;
				GENERATE_INFOPLIST_FILE = YES;
				INFOPLIST_KEY_UIApplicationSceneManifest_Generation = YES;
				INFOPLIST_KEY_UIApplicationSupportsIndirectInputEvents = YES;
				INFOPLIST_KEY_UILaunchScreen_Generation = YES;
				INFOPLIST_KEY_UISupportedInterfaceOrientations_iPad = "UIInterfaceOrientationPortrait UIInterfaceOrientationPortraitUpsideDown UIInterfaceOrientationLandscapeLeft UIInterfaceOrientationLandscapeRight";
				INFOPLIST_KEY_UISupportedInterfaceOrientations_iPhone = "UIInterfaceOrientationPortrait UIInterfaceOrientationLandscapeLeft UIInterfaceOrientationLandscapeRight";
				LD_RUNPATH_SEARCH_PATHS = (
					"$(inherited)",
					"@executable_path/Frameworks",
				);
				MARKETING_VERSION = 1.0;
				PRODUCT_BUNDLE_IDENTIFIER = org.calmcampus.CalmCampus;
				PRODUCT_NAME = "$(TARGET_NAME)";
				SWIFT_EMIT_LOC_STRINGS = YES;
				SWIFT_VERSION = 5.0;
				TARGETED_DEVICE_FAMILY = "1,2";
			};
			name = Debug;
		};
		41CE68842AAD1E9F009216BA /* Release */ = {
			isa = XCBuildConfiguration;
			buildSettings = {
				ASSETCATALOG_COMPILER_APPICON_NAME = AppIcon;
				ASSETCATALOG_COMPILER_GLOBAL_ACCENT_COLOR_NAME = AccentColor;
				CODE_SIGN_STYLE = Automatic;
				CURRENT_PROJECT_VERSION = 1;
				DEVELOPMENT_ASSET_PATHS = "\"CalmCampus/Preview Content\"";
				ENABLE_PREVIEWS = YES;
				GENERATE_INFOPLIST_FILE = YES;
				INFOPLIST_KEY_UIApplicationSceneManifest_Generation = YES;
				INFOPLIST_KEY_UIApplicationSupportsIndirectInputEvents = YES;
				INFOPLIST_KEY_UILaunchScreen_Generation = YES;
				INFOPLIST_KEY_UISupportedInterfaceOrientations_iPad = "UIInterfaceOrientationPortrait UIInterfaceOrientationPortraitUpsideDown UIInterfaceOrientationLandscapeLeft UIInterfaceOrientationLandscapeRight";
				INFOPLIST_KEY_UISupportedInterfaceOrientations_iPhone = "UIInterfaceOrientationPortrait UIInterfaceOrientationLandscapeLeft UIInterfaceOrientationLandscapeRight";
				LD_RUNPATH_SEARCH_PATHS = (
					"$(inherited)",
					"@executable_path/Frameworks",
				);
				MARKETING_VERSION = 1.0;
				PRODUCT_BUNDLE_IDENTIFIER = org.calmcampus.CalmCampus;
				PRODUCT_NAME = "$(TARGET_NAME)";
				SWIFT_EMIT_LOC_STRINGS = YES;
				SWIFT_VERSION = 5.0;
				TARGETED_DEVICE_FAMILY = "1,2";
			};
			name = Release;
		};
/* End XCBuildConfiguration section */

/* Begin XCConfigurationList section */
		41CE686F2AAD1E9E009216BA /* Build configuration list for PBXProject "CalmCampus" */ = {
			isa = XCConfigurationList;
			buildConfigurations = (
				41CE68802AAD1E9F009216BA /* Debug */,
				41CE68812AAD1E9F009216BA /* Release */,
			);
			defaultConfigurationIsVisible = 0;
			defaultConfigurationName = Release;
		};
		41CE68822AAD1E9F009216BA /* Build configuration list for PBXNativeTarget "CalmCampus" */ = {
			isa = XCConfigurationList;
			buildConfigurations = (
				41CE68832AAD1E9F009216BA /* Debug */,
				41CE68842AAD1E9F009216BA /* Release */,
			);
			defaultConfigurationIsVisible = 0;
			defaultConfigurationName = Release;
		};
/* End XCConfigurationList section */

/* Begin XCRemoteSwiftPackageReference section */
		412A57C82AD27B5800A5B159 /* XCRemoteSwiftPackageReference "firebase-ios-sdk" */ = {
			isa = XCRemoteSwiftPackageReference;
			repositoryURL = "https://github.com/firebase/firebase-ios-sdk";
			requirement = {
				kind = upToNextMajorVersion;
				minimumVersion = 10.16.0;
			};
		};
/* End XCRemoteSwiftPackageReference section */

/* Begin XCSwiftPackageProductDependency section */
		412A57C92AD27B5800A5B159 /* FirebaseAnalytics */ = {
			isa = XCSwiftPackageProductDependency;
			package = 412A57C82AD27B5800A5B159 /* XCRemoteSwiftPackageReference "firebase-ios-sdk" */;
			productName = FirebaseAnalytics;
		};
		412A57CB2AD27B5800A5B159 /* FirebaseAnalyticsOnDeviceConversion */ = {
			isa = XCSwiftPackageProductDependency;
			package = 412A57C82AD27B5800A5B159 /* XCRemoteSwiftPackageReference "firebase-ios-sdk" */;
			productName = FirebaseAnalyticsOnDeviceConversion;
		};
		412A57CD2AD27B5800A5B159 /* FirebaseAnalyticsSwift */ = {
			isa = XCSwiftPackageProductDependency;
			package = 412A57C82AD27B5800A5B159 /* XCRemoteSwiftPackageReference "firebase-ios-sdk" */;
			productName = FirebaseAnalyticsSwift;
		};
		412A57CF2AD27B5800A5B159 /* FirebaseAnalyticsWithoutAdIdSupport */ = {
			isa = XCSwiftPackageProductDependency;
			package = 412A57C82AD27B5800A5B159 /* XCRemoteSwiftPackageReference "firebase-ios-sdk" */;
			productName = FirebaseAnalyticsWithoutAdIdSupport;
		};
		412A57D12AD27B5800A5B159 /* FirebaseAppCheck */ = {
			isa = XCSwiftPackageProductDependency;
			package = 412A57C82AD27B5800A5B159 /* XCRemoteSwiftPackageReference "firebase-ios-sdk" */;
			productName = FirebaseAppCheck;
		};
		412A57D32AD27B5800A5B159 /* FirebaseAppDistribution-Beta */ = {
			isa = XCSwiftPackageProductDependency;
			package = 412A57C82AD27B5800A5B159 /* XCRemoteSwiftPackageReference "firebase-ios-sdk" */;
			productName = "FirebaseAppDistribution-Beta";
		};
		412A57D52AD27B5800A5B159 /* FirebaseAuth */ = {
			isa = XCSwiftPackageProductDependency;
			package = 412A57C82AD27B5800A5B159 /* XCRemoteSwiftPackageReference "firebase-ios-sdk" */;
			productName = FirebaseAuth;
		};
		412A57D72AD27B5800A5B159 /* FirebaseAuthCombine-Community */ = {
			isa = XCSwiftPackageProductDependency;
			package = 412A57C82AD27B5800A5B159 /* XCRemoteSwiftPackageReference "firebase-ios-sdk" */;
			productName = "FirebaseAuthCombine-Community";
		};
		412A57D92AD27B5800A5B159 /* FirebaseCrashlytics */ = {
			isa = XCSwiftPackageProductDependency;
			package = 412A57C82AD27B5800A5B159 /* XCRemoteSwiftPackageReference "firebase-ios-sdk" */;
			productName = FirebaseCrashlytics;
		};
		412A57DB2AD27B5800A5B159 /* FirebaseDatabase */ = {
			isa = XCSwiftPackageProductDependency;
			package = 412A57C82AD27B5800A5B159 /* XCRemoteSwiftPackageReference "firebase-ios-sdk" */;
			productName = FirebaseDatabase;
		};
		412A57DD2AD27B5800A5B159 /* FirebaseDatabaseSwift */ = {
			isa = XCSwiftPackageProductDependency;
			package = 412A57C82AD27B5800A5B159 /* XCRemoteSwiftPackageReference "firebase-ios-sdk" */;
			productName = FirebaseDatabaseSwift;
		};
		412A57DF2AD27B5800A5B159 /* FirebaseDynamicLinks */ = {
			isa = XCSwiftPackageProductDependency;
			package = 412A57C82AD27B5800A5B159 /* XCRemoteSwiftPackageReference "firebase-ios-sdk" */;
			productName = FirebaseDynamicLinks;
		};
		412A57E12AD27B5800A5B159 /* FirebaseFirestore */ = {
			isa = XCSwiftPackageProductDependency;
			package = 412A57C82AD27B5800A5B159 /* XCRemoteSwiftPackageReference "firebase-ios-sdk" */;
			productName = FirebaseFirestore;
		};
		412A57E32AD27B5800A5B159 /* FirebaseFirestoreCombine-Community */ = {
			isa = XCSwiftPackageProductDependency;
			package = 412A57C82AD27B5800A5B159 /* XCRemoteSwiftPackageReference "firebase-ios-sdk" */;
			productName = "FirebaseFirestoreCombine-Community";
		};
		412A57E52AD27B5800A5B159 /* FirebaseFirestoreSwift */ = {
			isa = XCSwiftPackageProductDependency;
			package = 412A57C82AD27B5800A5B159 /* XCRemoteSwiftPackageReference "firebase-ios-sdk" */;
			productName = FirebaseFirestoreSwift;
		};
		412A57E72AD27B5800A5B159 /* FirebaseFunctions */ = {
			isa = XCSwiftPackageProductDependency;
			package = 412A57C82AD27B5800A5B159 /* XCRemoteSwiftPackageReference "firebase-ios-sdk" */;
			productName = FirebaseFunctions;
		};
		412A57E92AD27B5800A5B159 /* FirebaseFunctionsCombine-Community */ = {
			isa = XCSwiftPackageProductDependency;
			package = 412A57C82AD27B5800A5B159 /* XCRemoteSwiftPackageReference "firebase-ios-sdk" */;
			productName = "FirebaseFunctionsCombine-Community";
		};
		412A57EB2AD27B5800A5B159 /* FirebaseInAppMessaging-Beta */ = {
			isa = XCSwiftPackageProductDependency;
			package = 412A57C82AD27B5800A5B159 /* XCRemoteSwiftPackageReference "firebase-ios-sdk" */;
			productName = "FirebaseInAppMessaging-Beta";
		};
		412A57ED2AD27B5800A5B159 /* FirebaseInAppMessagingSwift-Beta */ = {
			isa = XCSwiftPackageProductDependency;
			package = 412A57C82AD27B5800A5B159 /* XCRemoteSwiftPackageReference "firebase-ios-sdk" */;
			productName = "FirebaseInAppMessagingSwift-Beta";
		};
		412A57EF2AD27B5800A5B159 /* FirebaseInstallations */ = {
			isa = XCSwiftPackageProductDependency;
			package = 412A57C82AD27B5800A5B159 /* XCRemoteSwiftPackageReference "firebase-ios-sdk" */;
			productName = FirebaseInstallations;
		};
		412A57F12AD27B5800A5B159 /* FirebaseMLModelDownloader */ = {
			isa = XCSwiftPackageProductDependency;
			package = 412A57C82AD27B5800A5B159 /* XCRemoteSwiftPackageReference "firebase-ios-sdk" */;
			productName = FirebaseMLModelDownloader;
		};
		412A57F32AD27B5800A5B159 /* FirebaseMessaging */ = {
			isa = XCSwiftPackageProductDependency;
			package = 412A57C82AD27B5800A5B159 /* XCRemoteSwiftPackageReference "firebase-ios-sdk" */;
			productName = FirebaseMessaging;
		};
		412A57F52AD27B5800A5B159 /* FirebasePerformance */ = {
			isa = XCSwiftPackageProductDependency;
			package = 412A57C82AD27B5800A5B159 /* XCRemoteSwiftPackageReference "firebase-ios-sdk" */;
			productName = FirebasePerformance;
		};
		412A57F72AD27B5800A5B159 /* FirebaseRemoteConfig */ = {
			isa = XCSwiftPackageProductDependency;
			package = 412A57C82AD27B5800A5B159 /* XCRemoteSwiftPackageReference "firebase-ios-sdk" */;
			productName = FirebaseRemoteConfig;
		};
		412A57F92AD27B5800A5B159 /* FirebaseRemoteConfigSwift */ = {
			isa = XCSwiftPackageProductDependency;
			package = 412A57C82AD27B5800A5B159 /* XCRemoteSwiftPackageReference "firebase-ios-sdk" */;
			productName = FirebaseRemoteConfigSwift;
		};
		412A57FB2AD27B5800A5B159 /* FirebaseStorage */ = {
			isa = XCSwiftPackageProductDependency;
			package = 412A57C82AD27B5800A5B159 /* XCRemoteSwiftPackageReference "firebase-ios-sdk" */;
			productName = FirebaseStorage;
		};
		412A57FD2AD27B5800A5B159 /* FirebaseStorageCombine-Community */ = {
			isa = XCSwiftPackageProductDependency;
			package = 412A57C82AD27B5800A5B159 /* XCRemoteSwiftPackageReference "firebase-ios-sdk" */;
			productName = "FirebaseStorageCombine-Community";
		};
/* End XCSwiftPackageProductDependency section */
	};
	rootObject = 41CE686C2AAD1E9E009216BA /* Project object */;
}
